
Microsoft Visual Studio Solution File, Format Version 12.00
# Visual Studio Version 16
VisualStudioVersion = 16.0.31321.278
MinimumVisualStudioVersion = 10.0.40219.1
Project("{FAE04EC0-301F-11D3-BF4B-00C04F79EFBC}") = "QueryAddressBook", "QueryAddressBook.csproj", "{F6C59B71-C699-404A-B360-D80077B520F2}"
EndProject
Global
	GlobalSection(SolutionConfigurationPlatforms) = preSolution
		Debug|Any CPU = Debug|Any CPU
		Release|Any CPU = Release|Any CPU
	EndGlobalSection
	GlobalSection(ProjectConfigurationPlatforms) = postSolution
		{F6C59B71-C699-404A-B360-D80077B520F2}.Debug|Any CPU.ActiveCfg = Debug|Any CPU
		{F6C59B71-C699-404A-B360-D80077B520F2}.Debug|Any CPU.Build.0 = Debug|Any CPU
		{F6C59B71-C699-404A-B360-D80077B520F2}.Release|Any CPU.ActiveCfg = Release|Any CPU
		{F6C59B71-C699-404A-B360-D80077B520F2}.Release|Any CPU.Build.0 = Release|Any CPU
	EndGlobalSection
	GlobalSection(SolutionProperties) = preSolution
		HideSolutionNode = FALSE
	EndGlobalSection
	GlobalSection(ExtensibilityGlobals) = postSolution
		SolutionGuid = {A7AD4B56-3DAF-4317-9AF7-A7F43558D50E}
	EndGlobalSection
EndGlobal
